
Microsoft Visual Studio Solution File, Format Version 12.00
# Visual Studio Version 16
VisualStudioVersion = 16.0.31624.102
MinimumVisualStudioVersion = 10.0.40219.1
Project("{888888A0-9F3D-457C-B088-3A5042F75D52}") = "Lab1Python", "Lab1Python.pyproj", "{C1574552-E32A-461D-981F-019E38AB1E98}"
EndProject
Global
	GlobalSection(SolutionConfigurationPlatforms) = preSolution
		Debug|Any CPU = Debug|Any CPU
		Release|Any CPU = Release|Any CPU
	EndGlobalSection
	GlobalSection(ProjectConfigurationPlatforms) = postSolution
		{C1574552-E32A-461D-981F-019E38AB1E98}.Debug|Any CPU.ActiveCfg = Debug|Any CPU
		{C1574552-E32A-461D-981F-019E38AB1E98}.Release|Any CPU.ActiveCfg = Release|Any CPU
	EndGlobalSection
	GlobalSection(SolutionProperties) = preSolution
		HideSolutionNode = FALSE
	EndGlobalSection
	GlobalSection(ExtensibilityGlobals) = postSolution
		SolutionGuid = {3C9608C1-7D83-4E93-A9A6-593FB0A8FF1E}
	EndGlobalSection
EndGlobal
